
Microsoft Visual Studio Solution File, Format Version 12.00
# Visual Studio Version 17
VisualStudioVersion = 17.5.33627.172
MinimumVisualStudioVersion = 10.0.40219.1
Project("{FAE04EC0-301F-11D3-BF4B-00C04F79EFBC}") = "Operators", "Operators\Operators.csproj", "{BFE93395-3CE4-47B5-A4D2-18C146C6B638}"
EndProject
Global
	GlobalSection(SolutionConfigurationPlatforms) = preSolution
		Debug|Any CPU = Debug|Any CPU
		Release|Any CPU = Release|Any CPU
	EndGlobalSection
	GlobalSection(ProjectConfigurationPlatforms) = postSolution
		{BFE93395-3CE4-47B5-A4D2-18C146C6B638}.Debug|Any CPU.ActiveCfg = Debug|Any CPU
		{BFE93395-3CE4-47B5-A4D2-18C146C6B638}.Debug|Any CPU.Build.0 = Debug|Any CPU
		{BFE93395-3CE4-47B5-A4D2-18C146C6B638}.Release|Any CPU.ActiveCfg = Release|Any CPU
		{BFE93395-3CE4-47B5-A4D2-18C146C6B638}.Release|Any CPU.Build.0 = Release|Any CPU
	EndGlobalSection
	GlobalSection(SolutionProperties) = preSolution
		HideSolutionNode = FALSE
	EndGlobalSection
	GlobalSection(ExtensibilityGlobals) = postSolution
		SolutionGuid = {1140A255-E80F-48D9-8F7F-F4A4162A7C2C}
	EndGlobalSection
EndGlobal
